{
  "name": "@gm5/views",
  "version": "1.0.0",
  "lockfileVersion": 1,
  "requires": true,
  "dependencies": {
    "es.shim": {
      "version": "2.0.1",
      "resolved": "https://registry.npmjs.org/es.shim/-/es.shim-2.0.1.tgz",
      "integrity": "sha512-Ru8Xzwyp47D23AKjI7AbZE+4XS/08y21mE+bj9W79HaqO9ysWt2/vkzDB8XkNRPQAwsCiQqzXwxvLjZzseYLww=="
    },
    "iofs": {
      "version": "1.5.0",
      "resolved": "https://registry.npmjs.org/iofs/-/iofs-1.5.0.tgz",
      "integrity": "sha512-ZOb9v/2vv9q12cgOehXBVXshw/u6U0WfEIjHWBLyP0RbQb8L9EH3338K9tv0NXWN2++MEhU1wSyNZVe+sBRo9w=="
    },
    "smartyx": {
      "version": "2.0.1",
      "resolved": "https://registry.npmjs.org/smartyx/-/smartyx-2.0.1.tgz",
      "integrity": "sha512-SmX72EDI8UsstOx3ktjjHg+zaJRhWylz2i23zswwj/QS+HJCYqFL7pVo4ld7fZYYPjVkG1LbAwN19nFcZyHDhQ==",
      "requires": {
        "es.shim": "^2.0.0",
        "iofs": "^1.4.0"
      }
    }
  }
}
